
Microsoft Visual Studio Solution File, Format Version 12.00
# Visual Studio Version 17
VisualStudioVersion = 17.9.34622.214
MinimumVisualStudioVersion = 10.0.40219.1
Project("{FAE04EC0-301F-11D3-BF4B-00C04F79EFBC}") = "OOP Day3_opg2", "OOP Day3_opg2.csproj", "{B4993173-5E1E-4FFE-8ABE-600AA29D004C}"
EndProject
Global
	GlobalSection(SolutionConfigurationPlatforms) = preSolution
		Debug|Any CPU = Debug|Any CPU
		Release|Any CPU = Release|Any CPU
	EndGlobalSection
	GlobalSection(ProjectConfigurationPlatforms) = postSolution
		{B4993173-5E1E-4FFE-8ABE-600AA29D004C}.Debug|Any CPU.ActiveCfg = Debug|Any CPU
		{B4993173-5E1E-4FFE-8ABE-600AA29D004C}.Debug|Any CPU.Build.0 = Debug|Any CPU
		{B4993173-5E1E-4FFE-8ABE-600AA29D004C}.Release|Any CPU.ActiveCfg = Release|Any CPU
		{B4993173-5E1E-4FFE-8ABE-600AA29D004C}.Release|Any CPU.Build.0 = Release|Any CPU
	EndGlobalSection
	GlobalSection(SolutionProperties) = preSolution
		HideSolutionNode = FALSE
	EndGlobalSection
	GlobalSection(ExtensibilityGlobals) = postSolution
		SolutionGuid = {DAC6CA99-53B6-4873-BB1E-974CB39D16FA}
	EndGlobalSection
EndGlobal
